
Microsoft Visual Studio Solution File, Format Version 12.00
# Visual Studio Version 16
VisualStudioVersion = 16.0.29905.134
MinimumVisualStudioVersion = 10.0.40219.1
Project("{FAE04EC0-301F-11D3-BF4B-00C04F79EFBC}") = "CS463_HL_CS", "CS463_HL_CS.csproj", "{8EE1D995-74C2-4414-ACFD-B2C6DACD3ADE}"
EndProject
Global
	GlobalSection(SolutionConfigurationPlatforms) = preSolution
		Debug|Any CPU = Debug|Any CPU
		Release|Any CPU = Release|Any CPU
	EndGlobalSection
	GlobalSection(ProjectConfigurationPlatforms) = postSolution
		{8EE1D995-74C2-4414-ACFD-B2C6DACD3ADE}.Debug|Any CPU.ActiveCfg = Debug|Any CPU
		{8EE1D995-74C2-4414-ACFD-B2C6DACD3ADE}.Debug|Any CPU.Build.0 = Debug|Any CPU
		{8EE1D995-74C2-4414-ACFD-B2C6DACD3ADE}.Release|Any CPU.ActiveCfg = Release|Any CPU
		{8EE1D995-74C2-4414-ACFD-B2C6DACD3ADE}.Release|Any CPU.Build.0 = Release|Any CPU
	EndGlobalSection
	GlobalSection(SolutionProperties) = preSolution
		HideSolutionNode = FALSE
	EndGlobalSection
	GlobalSection(ExtensibilityGlobals) = postSolution
		SolutionGuid = {70BBFFB7-0617-4315-B520-E3DF04F24BB2}
	EndGlobalSection
EndGlobal
